{
  "name": "KIP7",
  "lockfileVersion": 3,
  "requires": true,
  "packages": {
    "": {
      "dependencies": {
        "@klaytn/contracts": "^1.0.6"
      }
    },
    "node_modules/@klaytn/contracts": {
      "version": "1.0.6",
      "resolved": "https://registry.npmjs.org/@klaytn/contracts/-/contracts-1.0.6.tgz",
      "integrity": "sha512-IqRvqPR2e4IqUe4uvPByTiKTr0V+oGHfke78h5R9rzKz+L0niXTeBs63A4b76dhktUWwYU70lbl6WsHPh7esgw=="
    }
  }
}
